<?xml version="1.0" encoding="UTF-8" standalone="yes" ?>
<CodeBlocks_project_file>
	<FileVersion major="1" minor="6" />
	<Project>
		<Option title="Tema_2" />
		<Option pch_mode="2" />
		<Option compiler="gcc" />
		<Build>
			<Target title="Debug">
				<Option output="bin/Debug/Tema 2" prefix_auto="1" extension_auto="1" />
				<Option object_output="obj/Debug/" />
				<Option type="1" />
				<Option compiler="gcc" />
				<Compiler>
					<Add option="-g" />
				</Compiler>
			</Target>
			<Target title="Release">
				<Option output="bin/Release/Tema 2" prefix_auto="1" extension_auto="1" />
				<Option object_output="obj/Release/" />
				<Option type="1" />
				<Option compiler="gcc" />
				<Compiler>
					<Add option="-O2" />
				</Compiler>
				<Linker>
					<Add option="-s" />
				</Linker>
			</Target>
		</Build>
		<Compiler>
			<Add option="-Wall" />
			<Add option="-fexceptions" />
		</Compiler>
		<Unit filename="Graf.cpp">
			<Option target="Debug" />
		</Unit>
		<Unit filename="Graf.h">
			<Option target="Debug" />
		</Unit>
		<Unit filename="Graf_Neorientat.cpp">
			<Option target="Debug" />
		</Unit>
		<Unit filename="Graf_Neorientat.h">
			<Option target="Debug" />
		</Unit>
		<Unit filename="Graf_Orientat.cpp">
			<Option target="Debug" />
		</Unit>
		<Unit filename="Graf_Orientat.h">
			<Option target="Debug" />
		</Unit>
		<Unit filename="Lista.cpp">
			<Option target="Debug" />
		</Unit>
		<Unit filename="Lista.h">
			<Option target="Debug" />
		</Unit>
		<Unit filename="MatriceAdiacenta.cpp">
			<Option target="Debug" />
		</Unit>
		<Unit filename="MatriceAdiacenta.h">
			<Option target="Debug" />
		</Unit>
		<Unit filename="Vector.cpp">
			<Option target="Debug" />
		</Unit>
		<Unit filename="Vector.h">
			<Option target="Debug" />
		</Unit>
		<Unit filename="main.cpp" />
		<Extensions>
			<code_completion />
			<envvars />
			<debugger />
		</Extensions>
	</Project>
</CodeBlocks_project_file>
